
Microsoft Visual Studio Solution File, Format Version 12.00
# Visual Studio Version 17
VisualStudioVersion = 17.5.33516.290
MinimumVisualStudioVersion = 10.0.40219.1
Project("{8BC9CEB8-8B4A-11D0-8D11-00A0C91BC942}") = "textweek6", "textweek6\textweek6.vcxproj", "{3D251474-8940-4AFB-8E98-5AFD6A263C6D}"
EndProject
Global
	GlobalSection(SolutionConfigurationPlatforms) = preSolution
		Debug|x64 = Debug|x64
		Debug|x86 = Debug|x86
		Release|x64 = Release|x64
		Release|x86 = Release|x86
	EndGlobalSection
	GlobalSection(ProjectConfigurationPlatforms) = postSolution
		{3D251474-8940-4AFB-8E98-5AFD6A263C6D}.Debug|x64.ActiveCfg = Debug|x64
		{3D251474-8940-4AFB-8E98-5AFD6A263C6D}.Debug|x64.Build.0 = Debug|x64
		{3D251474-8940-4AFB-8E98-5AFD6A263C6D}.Debug|x86.ActiveCfg = Debug|Win32
		{3D251474-8940-4AFB-8E98-5AFD6A263C6D}.Debug|x86.Build.0 = Debug|Win32
		{3D251474-8940-4AFB-8E98-5AFD6A263C6D}.Release|x64.ActiveCfg = Release|x64
		{3D251474-8940-4AFB-8E98-5AFD6A263C6D}.Release|x64.Build.0 = Release|x64
		{3D251474-8940-4AFB-8E98-5AFD6A263C6D}.Release|x86.ActiveCfg = Release|Win32
		{3D251474-8940-4AFB-8E98-5AFD6A263C6D}.Release|x86.Build.0 = Release|Win32
	EndGlobalSection
	GlobalSection(SolutionProperties) = preSolution
		HideSolutionNode = FALSE
	EndGlobalSection
	GlobalSection(ExtensibilityGlobals) = postSolution
		SolutionGuid = {B57EDE26-B3D9-4CAF-8201-9BE5ACAE21A4}
	EndGlobalSection
EndGlobal
